
Microsoft Visual Studio Solution File, Format Version 12.00
# Visual Studio Version 17
VisualStudioVersion = 17.8.34330.188
MinimumVisualStudioVersion = 10.0.40219.1
Project("{2150E333-8FDC-42A3-9474-1A3956D46DE8}") = "doc", "doc", "{EDB7BCFF-6E56-4B35-8C0E-782493AA3558}"
	ProjectSection(SolutionItems) = preProject
		CleanArchitectureNetCore.png = CleanArchitectureNetCore.png
		Evaluacion - .Net.pdf = Evaluacion - .Net.pdf
	EndProjectSection
EndProject
Project("{2150E333-8FDC-42A3-9474-1A3956D46DE8}") = "src", "src", "{A29DC7D2-F032-41B5-A75D-5D3906F2E6B6}"
EndProject
Project("{2150E333-8FDC-42A3-9474-1A3956D46DE8}") = "test", "test", "{6C99854B-459F-462A-B570-C620D5E9ECF7}"
EndProject
Project("{2150E333-8FDC-42A3-9474-1A3956D46DE8}") = "Application", "Application", "{03710840-E8A8-40D8-98F7-1222EB5C78F2}"
EndProject
Project("{2150E333-8FDC-42A3-9474-1A3956D46DE8}") = "Domain", "Domain", "{E6CD8C41-30FD-44E7-BCDC-AAA8FC38BB8C}"
EndProject
Project("{2150E333-8FDC-42A3-9474-1A3956D46DE8}") = "Infrastructure", "Infrastructure", "{5B31523B-4246-4BCF-8EEE-069428FC8057}"
EndProject
Project("{2150E333-8FDC-42A3-9474-1A3956D46DE8}") = "Common", "Common", "{0E3D7B47-6B0B-4D30-924D-E8C0C68407F5}"
EndProject
Project("{2150E333-8FDC-42A3-9474-1A3956D46DE8}") = "Presentation", "Presentation", "{80E46065-5EEA-4309-9471-41BD558F74DD}"
EndProject
Project("{9A19103F-16F7-4668-BE54-9A1E7A4F7556}") = "Tektonlabs.Ecommerce.Application.DTO", "Tektonlabs.Ecommerce.Application.DTO\Tektonlabs.Ecommerce.Application.DTO.csproj", "{0AB8CDF9-4552-41CC-A6D4-64F5E483BA44}"
EndProject
Project("{9A19103F-16F7-4668-BE54-9A1E7A4F7556}") = "Tektonlabs.Ecommerce.Application.Interface", "Tektonlabs.Ecommerce.Application.Interface\Tektonlabs.Ecommerce.Application.Interface.csproj", "{6BECA952-337A-482C-8EE2-D464F0ADE402}"
EndProject
Project("{9A19103F-16F7-4668-BE54-9A1E7A4F7556}") = "Tektonlabs.Ecommerce.Application.UseCases", "Tektonlabs.Ecommerce.Application.UseCases\Tektonlabs.Ecommerce.Application.UseCases.csproj", "{9C411452-599D-4EDF-BB39-97A77E0F59CE}"
EndProject
Project("{9A19103F-16F7-4668-BE54-9A1E7A4F7556}") = "Tektonlabs.Ecommerce.Domain", "Tektonlabs.Ecommerce.Domain\Tektonlabs.Ecommerce.Domain.csproj", "{132D33B7-5730-45E9-8127-A4B94A63D432}"
EndProject
Project("{9A19103F-16F7-4668-BE54-9A1E7A4F7556}") = "Tektonlabs.Ecommerce.Infrastructure", "Tektonlabs.Ecommerce.Infrastructure\Tektonlabs.Ecommerce.Infrastructure.csproj", "{29C98151-6B08-45DD-9286-33AB00E88EAA}"
EndProject
Project("{9A19103F-16F7-4668-BE54-9A1E7A4F7556}") = "Tektonlabs.Ecommerce.Common", "Tektonlabs.Ecommerce.Common\Tektonlabs.Ecommerce.Common.csproj", "{67DF5D05-EB9E-4E08-8776-966E28D53150}"
EndProject
Project("{9A19103F-16F7-4668-BE54-9A1E7A4F7556}") = "Tektonlabs.Ecommerce.WebApi", "Tektonlabs.Ecommerce.WebApi\Tektonlabs.Ecommerce.WebApi.csproj", "{B7D53BCB-E918-4AD5-984A-DB2846F7B160}"
EndProject
Project("{9A19103F-16F7-4668-BE54-9A1E7A4F7556}") = "Tektonlabs.Ecommerce.Persistencia", "Tektonlabs.Ecommerce.Persistencia\Tektonlabs.Ecommerce.Persistencia.csproj", "{22C8838A-DB3A-45EF-810B-FA964DCD523D}"
EndProject
Project("{FAE04EC0-301F-11D3-BF4B-00C04F79EFBC}") = "Tektonlabs.Ecommerce.Application.Test", "Tektonlabs.Ecommerce.Application.Test\Tektonlabs.Ecommerce.Application.Test.csproj", "{A38D3641-6644-4BC2-B41E-C9308E8B630E}"
EndProject
Global
	GlobalSection(SolutionConfigurationPlatforms) = preSolution
		Debug|Any CPU = Debug|Any CPU
		Release|Any CPU = Release|Any CPU
	EndGlobalSection
	GlobalSection(ProjectConfigurationPlatforms) = postSolution
		{0AB8CDF9-4552-41CC-A6D4-64F5E483BA44}.Debug|Any CPU.ActiveCfg = Debug|Any CPU
		{0AB8CDF9-4552-41CC-A6D4-64F5E483BA44}.Debug|Any CPU.Build.0 = Debug|Any CPU
		{0AB8CDF9-4552-41CC-A6D4-64F5E483BA44}.Release|Any CPU.ActiveCfg = Release|Any CPU
		{0AB8CDF9-4552-41CC-A6D4-64F5E483BA44}.Release|Any CPU.Build.0 = Release|Any CPU
		{6BECA952-337A-482C-8EE2-D464F0ADE402}.Debug|Any CPU.ActiveCfg = Debug|Any CPU
		{6BECA952-337A-482C-8EE2-D464F0ADE402}.Debug|Any CPU.Build.0 = Debug|Any CPU
		{6BECA952-337A-482C-8EE2-D464F0ADE402}.Release|Any CPU.ActiveCfg = Release|Any CPU
		{6BECA952-337A-482C-8EE2-D464F0ADE402}.Release|Any CPU.Build.0 = Release|Any CPU
		{9C411452-599D-4EDF-BB39-97A77E0F59CE}.Debug|Any CPU.ActiveCfg = Debug|Any CPU
		{9C411452-599D-4EDF-BB39-97A77E0F59CE}.Debug|Any CPU.Build.0 = Debug|Any CPU
		{9C411452-599D-4EDF-BB39-97A77E0F59CE}.Release|Any CPU.ActiveCfg = Release|Any CPU
		{9C411452-599D-4EDF-BB39-97A77E0F59CE}.Release|Any CPU.Build.0 = Release|Any CPU
		{132D33B7-5730-45E9-8127-A4B94A63D432}.Debug|Any CPU.ActiveCfg = Debug|Any CPU
		{132D33B7-5730-45E9-8127-A4B94A63D432}.Debug|Any CPU.Build.0 = Debug|Any CPU
		{132D33B7-5730-45E9-8127-A4B94A63D432}.Release|Any CPU.ActiveCfg = Release|Any CPU
		{132D33B7-5730-45E9-8127-A4B94A63D432}.Release|Any CPU.Build.0 = Release|Any CPU
		{29C98151-6B08-45DD-9286-33AB00E88EAA}.Debug|Any CPU.ActiveCfg = Debug|Any CPU
		{29C98151-6B08-45DD-9286-33AB00E88EAA}.Debug|Any CPU.Build.0 = Debug|Any CPU
		{29C98151-6B08-45DD-9286-33AB00E88EAA}.Release|Any CPU.ActiveCfg = Release|Any CPU
		{29C98151-6B08-45DD-9286-33AB00E88EAA}.Release|Any CPU.Build.0 = Release|Any CPU
		{67DF5D05-EB9E-4E08-8776-966E28D53150}.Debug|Any CPU.ActiveCfg = Debug|Any CPU
		{67DF5D05-EB9E-4E08-8776-966E28D53150}.Debug|Any CPU.Build.0 = Debug|Any CPU
		{67DF5D05-EB9E-4E08-8776-966E28D53150}.Release|Any CPU.ActiveCfg = Release|Any CPU
		{67DF5D05-EB9E-4E08-8776-966E28D53150}.Release|Any CPU.Build.0 = Release|Any CPU
		{B7D53BCB-E918-4AD5-984A-DB2846F7B160}.Debug|Any CPU.ActiveCfg = Debug|Any CPU
		{B7D53BCB-E918-4AD5-984A-DB2846F7B160}.Debug|Any CPU.Build.0 = Debug|Any CPU
		{B7D53BCB-E918-4AD5-984A-DB2846F7B160}.Release|Any CPU.ActiveCfg = Release|Any CPU
		{B7D53BCB-E918-4AD5-984A-DB2846F7B160}.Release|Any CPU.Build.0 = Release|Any CPU
		{22C8838A-DB3A-45EF-810B-FA964DCD523D}.Debug|Any CPU.ActiveCfg = Debug|Any CPU
		{22C8838A-DB3A-45EF-810B-FA964DCD523D}.Debug|Any CPU.Build.0 = Debug|Any CPU
		{22C8838A-DB3A-45EF-810B-FA964DCD523D}.Release|Any CPU.ActiveCfg = Release|Any CPU
		{22C8838A-DB3A-45EF-810B-FA964DCD523D}.Release|Any CPU.Build.0 = Release|Any CPU
		{A38D3641-6644-4BC2-B41E-C9308E8B630E}.Debug|Any CPU.ActiveCfg = Debug|Any CPU
		{A38D3641-6644-4BC2-B41E-C9308E8B630E}.Debug|Any CPU.Build.0 = Debug|Any CPU
		{A38D3641-6644-4BC2-B41E-C9308E8B630E}.Release|Any CPU.ActiveCfg = Release|Any CPU
		{A38D3641-6644-4BC2-B41E-C9308E8B630E}.Release|Any CPU.Build.0 = Release|Any CPU
	EndGlobalSection
	GlobalSection(SolutionProperties) = preSolution
		HideSolutionNode = FALSE
	EndGlobalSection
	GlobalSection(NestedProjects) = preSolution
		{03710840-E8A8-40D8-98F7-1222EB5C78F2} = {A29DC7D2-F032-41B5-A75D-5D3906F2E6B6}
		{E6CD8C41-30FD-44E7-BCDC-AAA8FC38BB8C} = {A29DC7D2-F032-41B5-A75D-5D3906F2E6B6}
		{5B31523B-4246-4BCF-8EEE-069428FC8057} = {A29DC7D2-F032-41B5-A75D-5D3906F2E6B6}
		{0E3D7B47-6B0B-4D30-924D-E8C0C68407F5} = {A29DC7D2-F032-41B5-A75D-5D3906F2E6B6}
		{80E46065-5EEA-4309-9471-41BD558F74DD} = {A29DC7D2-F032-41B5-A75D-5D3906F2E6B6}
		{0AB8CDF9-4552-41CC-A6D4-64F5E483BA44} = {03710840-E8A8-40D8-98F7-1222EB5C78F2}
		{6BECA952-337A-482C-8EE2-D464F0ADE402} = {03710840-E8A8-40D8-98F7-1222EB5C78F2}
		{9C411452-599D-4EDF-BB39-97A77E0F59CE} = {03710840-E8A8-40D8-98F7-1222EB5C78F2}
		{132D33B7-5730-45E9-8127-A4B94A63D432} = {E6CD8C41-30FD-44E7-BCDC-AAA8FC38BB8C}
		{29C98151-6B08-45DD-9286-33AB00E88EAA} = {5B31523B-4246-4BCF-8EEE-069428FC8057}
		{67DF5D05-EB9E-4E08-8776-966E28D53150} = {0E3D7B47-6B0B-4D30-924D-E8C0C68407F5}
		{B7D53BCB-E918-4AD5-984A-DB2846F7B160} = {80E46065-5EEA-4309-9471-41BD558F74DD}
		{22C8838A-DB3A-45EF-810B-FA964DCD523D} = {5B31523B-4246-4BCF-8EEE-069428FC8057}
		{A38D3641-6644-4BC2-B41E-C9308E8B630E} = {6C99854B-459F-462A-B570-C620D5E9ECF7}
	EndGlobalSection
	GlobalSection(ExtensibilityGlobals) = postSolution
		SolutionGuid = {BCA6E22E-F383-4143-913A-B1B242CD89DD}
	EndGlobalSection
EndGlobal
